// !$*UTF8*$!
{
	archiveVersion = 1;
	classes = {
	};
	objectVersion = 55;
	objects = {

/* Begin PBXBuildFile section */
		FA20435B29B5E01E005B617A /* AppDelegate.swift in Sources */ = {isa = PBXBuildFile; fileRef = FA20435A29B5E01E005B617A /* AppDelegate.swift */; };
		FA20435D29B5E01E005B617A /* SceneDelegate.swift in Sources */ = {isa = PBXBuildFile; fileRef = FA20435C29B5E01E005B617A /* SceneDelegate.swift */; };
		FA20435F29B5E01E005B617A /* ImagesListViewController.swift in Sources */ = {isa = PBXBuildFile; fileRef = FA20435E29B5E01E005B617A /* ImagesListViewController.swift */; };
		FA20436229B5E01E005B617A /* Main.storyboard in Resources */ = {isa = PBXBuildFile; fileRef = FA20436029B5E01E005B617A /* Main.storyboard */; };
		FA20436429B5E024005B617A /* Assets.xcassets in Resources */ = {isa = PBXBuildFile; fileRef = FA20436329B5E024005B617A /* Assets.xcassets */; };
		FA20436729B5E024005B617A /* LaunchScreen.storyboard in Resources */ = {isa = PBXBuildFile; fileRef = FA20436529B5E024005B617A /* LaunchScreen.storyboard */; };
		FA4ABF342A11377E005E800D /* Kingfisher in Frameworks */ = {isa = PBXBuildFile; productRef = FA4ABF332A11377E005E800D /* Kingfisher */; };
		FA4ABF372A114283005E800D /* SwiftKeychainWrapper in Frameworks */ = {isa = PBXBuildFile; productRef = FA4ABF362A114283005E800D /* SwiftKeychainWrapper */; };
		FA4ABF3A2A1328DB005E800D /* TabBarController.swift in Sources */ = {isa = PBXBuildFile; fileRef = FA4ABF392A1328DB005E800D /* TabBarController.swift */; };
		FA4ABF3C2A24A9F9005E800D /* ImagesListService.swift in Sources */ = {isa = PBXBuildFile; fileRef = FA4ABF3B2A24A9F9005E800D /* ImagesListService.swift */; };
		FA4ABF3E2A24AA6B005E800D /* Photo.swift in Sources */ = {isa = PBXBuildFile; fileRef = FA4ABF3D2A24AA6B005E800D /* Photo.swift */; };
		FA4ABF402A26A149005E800D /* PhotoResult.swift in Sources */ = {isa = PBXBuildFile; fileRef = FA4ABF3F2A26A149005E800D /* PhotoResult.swift */; };
		FA4ABF482A2D7D54005E800D /* ImagesListServiceTests.swift in Sources */ = {isa = PBXBuildFile; fileRef = FA4ABF472A2D7D54005E800D /* ImagesListServiceTests.swift */; };
		FA9054F52A02DA880068D214 /* SplashViewController.swift in Sources */ = {isa = PBXBuildFile; fileRef = FA9054F42A02DA880068D214 /* SplashViewController.swift */; };
		FA9054F82A05796B0068D214 /* OAuthTokenResponseBody.swift in Sources */ = {isa = PBXBuildFile; fileRef = FA9054F72A05796B0068D214 /* OAuthTokenResponseBody.swift */; };
		FA9054FA2A057C380068D214 /* AuthViewControllerDelegate.swift in Sources */ = {isa = PBXBuildFile; fileRef = FA9054F92A057C380068D214 /* AuthViewControllerDelegate.swift */; };
		FA9055002A07F3D10068D214 /* ProgressHUD in Frameworks */ = {isa = PBXBuildFile; productRef = FA9054FF2A07F3D10068D214 /* ProgressHUD */; };
		FA9055022A07F9040068D214 /* UIBlockingProgressHUD.swift in Sources */ = {isa = PBXBuildFile; fileRef = FA9055012A07F9040068D214 /* UIBlockingProgressHUD.swift */; };
		FA9055042A080BCB0068D214 /* ProfileService.swift in Sources */ = {isa = PBXBuildFile; fileRef = FA9055032A080BCB0068D214 /* ProfileService.swift */; };
		FA9055072A096CE40068D214 /* URLExtensions.swift in Sources */ = {isa = PBXBuildFile; fileRef = FA9055062A096CE40068D214 /* URLExtensions.swift */; };
		FA9055092A096E700068D214 /* NetworkError.swift in Sources */ = {isa = PBXBuildFile; fileRef = FA9055082A096E700068D214 /* NetworkError.swift */; };
		FA90550B2A0C593D0068D214 /* ProfileImageService.swift in Sources */ = {isa = PBXBuildFile; fileRef = FA90550A2A0C593D0068D214 /* ProfileImageService.swift */; };
		FA90550D2A0C62FA0068D214 /* Profile.swift in Sources */ = {isa = PBXBuildFile; fileRef = FA90550C2A0C62FA0068D214 /* Profile.swift */; };
		FA90550F2A0C64270068D214 /* ProfileResult.swift in Sources */ = {isa = PBXBuildFile; fileRef = FA90550E2A0C64270068D214 /* ProfileResult.swift */; };
		FA9055112A0C64710068D214 /* ProfileImage.swift in Sources */ = {isa = PBXBuildFile; fileRef = FA9055102A0C64710068D214 /* ProfileImage.swift */; };
		FAB65D3C29F9B98D002BA70F /* Constants.swift in Sources */ = {isa = PBXBuildFile; fileRef = FAB65D3B29F9B98D002BA70F /* Constants.swift */; };
		FAB65D3E29FB08B8002BA70F /* AuthViewController.swift in Sources */ = {isa = PBXBuildFile; fileRef = FAB65D3D29FB08B8002BA70F /* AuthViewController.swift */; };
		FAB65D4129FBACF4002BA70F /* WebViewViewController.swift in Sources */ = {isa = PBXBuildFile; fileRef = FAB65D4029FBACF4002BA70F /* WebViewViewController.swift */; };
		FAB65D4329FD00DE002BA70F /* WebViewViewControllerDelegate.swift in Sources */ = {isa = PBXBuildFile; fileRef = FAB65D4229FD00DE002BA70F /* WebViewViewControllerDelegate.swift */; };
		FAB65D462A018E07002BA70F /* OAuth2Service.swift in Sources */ = {isa = PBXBuildFile; fileRef = FAB65D452A018E07002BA70F /* OAuth2Service.swift */; };
		FAB65D482A018E79002BA70F /* OAuth2TokenStorage.swift in Sources */ = {isa = PBXBuildFile; fileRef = FAB65D472A018E79002BA70F /* OAuth2TokenStorage.swift */; };
		FAB82A1929E666C9006CB888 /* ProfileViewController.swift in Sources */ = {isa = PBXBuildFile; fileRef = FAB82A1829E666C9006CB888 /* ProfileViewController.swift */; };
		FAB82A1B29E841B0006CB888 /* ExtensionColor.swift in Sources */ = {isa = PBXBuildFile; fileRef = FAB82A1A29E841B0006CB888 /* ExtensionColor.swift */; };
		FACC320229EA58DA00D84BF0 /* SingleImageViewController.swift in Sources */ = {isa = PBXBuildFile; fileRef = FACC320129EA58DA00D84BF0 /* SingleImageViewController.swift */; };
		FAE6775C29D04AB700BF515C /* ImagesListCell.swift in Sources */ = {isa = PBXBuildFile; fileRef = FAE6775B29D04AB700BF515C /* ImagesListCell.swift */; };
/* End PBXBuildFile section */

/* Begin PBXContainerItemProxy section */
		FA4ABF492A2D7D54005E800D /* PBXContainerItemProxy */ = {
			isa = PBXContainerItemProxy;
			containerPortal = FA20434F29B5E01E005B617A /* Project object */;
			proxyType = 1;
			remoteGlobalIDString = FA20435629B5E01E005B617A;
			remoteInfo = imageFeed;
		};
/* End PBXContainerItemProxy section */

/* Begin PBXFileReference section */
		FA20435729B5E01E005B617A /* imageFeed.app */ = {isa = PBXFileReference; explicitFileType = wrapper.application; includeInIndex = 0; path = imageFeed.app; sourceTree = BUILT_PRODUCTS_DIR; };
		FA20435A29B5E01E005B617A /* AppDelegate.swift */ = {isa = PBXFileReference; lastKnownFileType = sourcecode.swift; path = AppDelegate.swift; sourceTree = "<group>"; };
		FA20435C29B5E01E005B617A /* SceneDelegate.swift */ = {isa = PBXFileReference; lastKnownFileType = sourcecode.swift; path = SceneDelegate.swift; sourceTree = "<group>"; };
		FA20435E29B5E01E005B617A /* ImagesListViewController.swift */ = {isa = PBXFileReference; lastKnownFileType = sourcecode.swift; path = ImagesListViewController.swift; sourceTree = "<group>"; };
		FA20436129B5E01E005B617A /* Base */ = {isa = PBXFileReference; lastKnownFileType = file.storyboard; name = Base; path = Base.lproj/Main.storyboard; sourceTree = "<group>"; };
		FA20436329B5E024005B617A /* Assets.xcassets */ = {isa = PBXFileReference; lastKnownFileType = folder.assetcatalog; path = Assets.xcassets; sourceTree = "<group>"; };
		FA20436629B5E024005B617A /* Base */ = {isa = PBXFileReference; lastKnownFileType = file.storyboard; name = Base; path = Base.lproj/LaunchScreen.storyboard; sourceTree = "<group>"; };
		FA20436829B5E024005B617A /* Info.plist */ = {isa = PBXFileReference; lastKnownFileType = text.plist.xml; path = Info.plist; sourceTree = "<group>"; };
		FA4ABF392A1328DB005E800D /* TabBarController.swift */ = {isa = PBXFileReference; lastKnownFileType = sourcecode.swift; path = TabBarController.swift; sourceTree = "<group>"; };
		FA4ABF3B2A24A9F9005E800D /* ImagesListService.swift */ = {isa = PBXFileReference; lastKnownFileType = sourcecode.swift; path = ImagesListService.swift; sourceTree = "<group>"; };
		FA4ABF3D2A24AA6B005E800D /* Photo.swift */ = {isa = PBXFileReference; lastKnownFileType = sourcecode.swift; path = Photo.swift; sourceTree = "<group>"; };
		FA4ABF3F2A26A149005E800D /* PhotoResult.swift */ = {isa = PBXFileReference; lastKnownFileType = sourcecode.swift; path = PhotoResult.swift; sourceTree = "<group>"; };
		FA4ABF452A2D7D54005E800D /* imageFeedTests.xctest */ = {isa = PBXFileReference; explicitFileType = wrapper.cfbundle; includeInIndex = 0; path = imageFeedTests.xctest; sourceTree = BUILT_PRODUCTS_DIR; };
		FA4ABF472A2D7D54005E800D /* ImagesListServiceTests.swift */ = {isa = PBXFileReference; lastKnownFileType = sourcecode.swift; path = ImagesListServiceTests.swift; sourceTree = "<group>"; };
		FA9054F42A02DA880068D214 /* SplashViewController.swift */ = {isa = PBXFileReference; lastKnownFileType = sourcecode.swift; path = SplashViewController.swift; sourceTree = "<group>"; };
		FA9054F72A05796B0068D214 /* OAuthTokenResponseBody.swift */ = {isa = PBXFileReference; lastKnownFileType = sourcecode.swift; path = OAuthTokenResponseBody.swift; sourceTree = "<group>"; };
		FA9054F92A057C380068D214 /* AuthViewControllerDelegate.swift */ = {isa = PBXFileReference; lastKnownFileType = sourcecode.swift; path = AuthViewControllerDelegate.swift; sourceTree = "<group>"; };
		FA9055012A07F9040068D214 /* UIBlockingProgressHUD.swift */ = {isa = PBXFileReference; lastKnownFileType = sourcecode.swift; path = UIBlockingProgressHUD.swift; sourceTree = "<group>"; };
		FA9055032A080BCB0068D214 /* ProfileService.swift */ = {isa = PBXFileReference; lastKnownFileType = sourcecode.swift; path = ProfileService.swift; sourceTree = "<group>"; };
		FA9055062A096CE40068D214 /* URLExtensions.swift */ = {isa = PBXFileReference; lastKnownFileType = sourcecode.swift; path = URLExtensions.swift; sourceTree = "<group>"; };
		FA9055082A096E700068D214 /* NetworkError.swift */ = {isa = PBXFileReference; lastKnownFileType = sourcecode.swift; path = NetworkError.swift; sourceTree = "<group>"; };
		FA90550A2A0C593D0068D214 /* ProfileImageService.swift */ = {isa = PBXFileReference; lastKnownFileType = sourcecode.swift; path = ProfileImageService.swift; sourceTree = "<group>"; };
		FA90550C2A0C62FA0068D214 /* Profile.swift */ = {isa = PBXFileReference; lastKnownFileType = sourcecode.swift; path = Profile.swift; sourceTree = "<group>"; };
		FA90550E2A0C64270068D214 /* ProfileResult.swift */ = {isa = PBXFileReference; lastKnownFileType = sourcecode.swift; path = ProfileResult.swift; sourceTree = "<group>"; };
		FA9055102A0C64710068D214 /* ProfileImage.swift */ = {isa = PBXFileReference; lastKnownFileType = sourcecode.swift; path = ProfileImage.swift; sourceTree = "<group>"; };
		FAB65D3B29F9B98D002BA70F /* Constants.swift */ = {isa = PBXFileReference; lastKnownFileType = sourcecode.swift; path = Constants.swift; sourceTree = "<group>"; };
		FAB65D3D29FB08B8002BA70F /* AuthViewController.swift */ = {isa = PBXFileReference; lastKnownFileType = sourcecode.swift; path = AuthViewController.swift; sourceTree = "<group>"; };
		FAB65D4029FBACF4002BA70F /* WebViewViewController.swift */ = {isa = PBXFileReference; lastKnownFileType = sourcecode.swift; path = WebViewViewController.swift; sourceTree = "<group>"; };
		FAB65D4229FD00DE002BA70F /* WebViewViewControllerDelegate.swift */ = {isa = PBXFileReference; lastKnownFileType = sourcecode.swift; path = WebViewViewControllerDelegate.swift; sourceTree = "<group>"; };
		FAB65D452A018E07002BA70F /* OAuth2Service.swift */ = {isa = PBXFileReference; lastKnownFileType = sourcecode.swift; path = OAuth2Service.swift; sourceTree = "<group>"; };
		FAB65D472A018E79002BA70F /* OAuth2TokenStorage.swift */ = {isa = PBXFileReference; lastKnownFileType = sourcecode.swift; path = OAuth2TokenStorage.swift; sourceTree = "<group>"; };
		FAB82A1829E666C9006CB888 /* ProfileViewController.swift */ = {isa = PBXFileReference; lastKnownFileType = sourcecode.swift; path = ProfileViewController.swift; sourceTree = "<group>"; };
		FAB82A1A29E841B0006CB888 /* ExtensionColor.swift */ = {isa = PBXFileReference; lastKnownFileType = sourcecode.swift; path = ExtensionColor.swift; sourceTree = "<group>"; };
		FACC320129EA58DA00D84BF0 /* SingleImageViewController.swift */ = {isa = PBXFileReference; lastKnownFileType = sourcecode.swift; path = SingleImageViewController.swift; sourceTree = "<group>"; };
		FAE6775B29D04AB700BF515C /* ImagesListCell.swift */ = {isa = PBXFileReference; lastKnownFileType = sourcecode.swift; path = ImagesListCell.swift; sourceTree = "<group>"; };
/* End PBXFileReference section */

/* Begin PBXFrameworksBuildPhase section */
		FA20435429B5E01E005B617A /* Frameworks */ = {
			isa = PBXFrameworksBuildPhase;
			buildActionMask = 2147483647;
			files = (
				FA4ABF342A11377E005E800D /* Kingfisher in Frameworks */,
				FA9055002A07F3D10068D214 /* ProgressHUD in Frameworks */,
				FA4ABF372A114283005E800D /* SwiftKeychainWrapper in Frameworks */,
			);
			runOnlyForDeploymentPostprocessing = 0;
		};
		FA4ABF422A2D7D54005E800D /* Frameworks */ = {
			isa = PBXFrameworksBuildPhase;
			buildActionMask = 2147483647;
			files = (
			);
			runOnlyForDeploymentPostprocessing = 0;
		};
/* End PBXFrameworksBuildPhase section */

/* Begin PBXGroup section */
		FA20434E29B5E01E005B617A = {
			isa = PBXGroup;
			children = (
				FA20435929B5E01E005B617A /* imageFeed */,
				FA4ABF462A2D7D54005E800D /* imageFeedTests */,
				FA20435829B5E01E005B617A /* Products */,
			);
			sourceTree = "<group>";
		};
		FA20435829B5E01E005B617A /* Products */ = {
			isa = PBXGroup;
			children = (
				FA20435729B5E01E005B617A /* imageFeed.app */,
				FA4ABF452A2D7D54005E800D /* imageFeedTests.xctest */,
			);
			name = Products;
			sourceTree = "<group>";
		};
		FA20435929B5E01E005B617A /* imageFeed */ = {
			isa = PBXGroup;
			children = (
				FA4ABF382A1328CB005E800D /* TabBarController */,
				FA9055052A096CB00068D214 /* Helpers */,
				FA9054F62A0579010068D214 /* Models */,
				FAB65D442A018C7F002BA70F /* Services */,
				FA20435A29B5E01E005B617A /* AppDelegate.swift */,
				FA20435C29B5E01E005B617A /* SceneDelegate.swift */,
				FA9054F32A02DA6D0068D214 /* ViewControllers */,
				FAB65D3F29FB0FB4002BA70F /* Auth */,
				FAE6775D29D04B2200BF515C /* ImagesList */,
				FA20436029B5E01E005B617A /* Main.storyboard */,
				FA20436329B5E024005B617A /* Assets.xcassets */,
				FA20436529B5E024005B617A /* LaunchScreen.storyboard */,
				FA20436829B5E024005B617A /* Info.plist */,
			);
			path = imageFeed;
			sourceTree = "<group>";
		};
		FA4ABF382A1328CB005E800D /* TabBarController */ = {
			isa = PBXGroup;
			children = (
				FA4ABF392A1328DB005E800D /* TabBarController.swift */,
			);
			path = TabBarController;
			sourceTree = "<group>";
		};
		FA4ABF462A2D7D54005E800D /* imageFeedTests */ = {
			isa = PBXGroup;
			children = (
				FA4ABF472A2D7D54005E800D /* ImagesListServiceTests.swift */,
			);
			path = imageFeedTests;
			sourceTree = "<group>";
		};
		FA9054F32A02DA6D0068D214 /* ViewControllers */ = {
			isa = PBXGroup;
			children = (
				FAB82A1829E666C9006CB888 /* ProfileViewController.swift */,
				FAB65D4029FBACF4002BA70F /* WebViewViewController.swift */,
				FAB65D3D29FB08B8002BA70F /* AuthViewController.swift */,
				FA9054F42A02DA880068D214 /* SplashViewController.swift */,
				FA20435E29B5E01E005B617A /* ImagesListViewController.swift */,
				FACC320129EA58DA00D84BF0 /* SingleImageViewController.swift */,
			);
			path = ViewControllers;
			sourceTree = "<group>";
		};
		FA9054F62A0579010068D214 /* Models */ = {
			isa = PBXGroup;
			children = (
				FA9054F72A05796B0068D214 /* OAuthTokenResponseBody.swift */,
				FA90550C2A0C62FA0068D214 /* Profile.swift */,
				FA90550E2A0C64270068D214 /* ProfileResult.swift */,
				FA9055102A0C64710068D214 /* ProfileImage.swift */,
				FA4ABF3D2A24AA6B005E800D /* Photo.swift */,
				FA4ABF3F2A26A149005E800D /* PhotoResult.swift */,
			);
			path = Models;
			sourceTree = "<group>";
		};
		FA9055052A096CB00068D214 /* Helpers */ = {
			isa = PBXGroup;
			children = (
				FAB82A1A29E841B0006CB888 /* ExtensionColor.swift */,
				FA9055062A096CE40068D214 /* URLExtensions.swift */,
				FA9055012A07F9040068D214 /* UIBlockingProgressHUD.swift */,
				FAB65D3B29F9B98D002BA70F /* Constants.swift */,
			);
			path = Helpers;
			sourceTree = "<group>";
		};
		FAB65D3F29FB0FB4002BA70F /* Auth */ = {
			isa = PBXGroup;
			children = (
				FA9054F92A057C380068D214 /* AuthViewControllerDelegate.swift */,
				FAB65D4229FD00DE002BA70F /* WebViewViewControllerDelegate.swift */,
			);
			path = Auth;
			sourceTree = "<group>";
		};
		FAB65D442A018C7F002BA70F /* Services */ = {
			isa = PBXGroup;
			children = (
				FAB65D452A018E07002BA70F /* OAuth2Service.swift */,
				FAB65D472A018E79002BA70F /* OAuth2TokenStorage.swift */,
				FA9055032A080BCB0068D214 /* ProfileService.swift */,
				FA9055082A096E700068D214 /* NetworkError.swift */,
				FA90550A2A0C593D0068D214 /* ProfileImageService.swift */,
				FA4ABF3B2A24A9F9005E800D /* ImagesListService.swift */,
			);
			path = Services;
			sourceTree = "<group>";
		};
		FAE6775D29D04B2200BF515C /* ImagesList */ = {
			isa = PBXGroup;
			children = (
				FAE6775B29D04AB700BF515C /* ImagesListCell.swift */,
			);
			path = ImagesList;
			sourceTree = "<group>";
		};
/* End PBXGroup section */

/* Begin PBXNativeTarget section */
		FA20435629B5E01E005B617A /* imageFeed */ = {
			isa = PBXNativeTarget;
			buildConfigurationList = FA20436B29B5E024005B617A /* Build configuration list for PBXNativeTarget "imageFeed" */;
			buildPhases = (
				FA20435329B5E01E005B617A /* Sources */,
				FA20435429B5E01E005B617A /* Frameworks */,
				FA20435529B5E01E005B617A /* Resources */,
			);
			buildRules = (
			);
			dependencies = (
			);
			name = imageFeed;
			packageProductDependencies = (
				FA9054FF2A07F3D10068D214 /* ProgressHUD */,
				FA4ABF332A11377E005E800D /* Kingfisher */,
				FA4ABF362A114283005E800D /* SwiftKeychainWrapper */,
			);
			productName = imageFeed;
			productReference = FA20435729B5E01E005B617A /* imageFeed.app */;
			productType = "com.apple.product-type.application";
		};
		FA4ABF442A2D7D54005E800D /* imageFeedTests */ = {
			isa = PBXNativeTarget;
			buildConfigurationList = FA4ABF4B2A2D7D54005E800D /* Build configuration list for PBXNativeTarget "imageFeedTests" */;
			buildPhases = (
				FA4ABF412A2D7D54005E800D /* Sources */,
				FA4ABF422A2D7D54005E800D /* Frameworks */,
				FA4ABF432A2D7D54005E800D /* Resources */,
			);
			buildRules = (
			);
			dependencies = (
				FA4ABF4A2A2D7D54005E800D /* PBXTargetDependency */,
			);
			name = imageFeedTests;
			productName = imageFeedTests;
			productReference = FA4ABF452A2D7D54005E800D /* imageFeedTests.xctest */;
			productType = "com.apple.product-type.bundle.unit-test";
		};
/* End PBXNativeTarget section */

/* Begin PBXProject section */
		FA20434F29B5E01E005B617A /* Project object */ = {
			isa = PBXProject;
			attributes = {
				BuildIndependentTargetsInParallel = 1;
				LastSwiftUpdateCheck = 1330;
				LastUpgradeCheck = 1330;
				TargetAttributes = {
					FA20435629B5E01E005B617A = {
						CreatedOnToolsVersion = 13.3.1;
					};
					FA4ABF442A2D7D54005E800D = {
						CreatedOnToolsVersion = 13.3.1;
						TestTargetID = FA20435629B5E01E005B617A;
					};
				};
			};
			buildConfigurationList = FA20435229B5E01E005B617A /* Build configuration list for PBXProject "imageFeed" */;
			compatibilityVersion = "Xcode 13.0";
			developmentRegion = en;
			hasScannedForEncodings = 0;
			knownRegions = (
				en,
				Base,
			);
			mainGroup = FA20434E29B5E01E005B617A;
			packageReferences = (
				FA9054FE2A07F3D10068D214 /* XCRemoteSwiftPackageReference "ProgressHUD" */,
				FA4ABF322A11377E005E800D /* XCRemoteSwiftPackageReference "Kingfisher" */,
				FA4ABF352A114283005E800D /* XCRemoteSwiftPackageReference "SwiftKeychainWrapper" */,
			);
			productRefGroup = FA20435829B5E01E005B617A /* Products */;
			projectDirPath = "";
			projectRoot = "";
			targets = (
				FA20435629B5E01E005B617A /* imageFeed */,
				FA4ABF442A2D7D54005E800D /* imageFeedTests */,
			);
		};
/* End PBXProject section */

/* Begin PBXResourcesBuildPhase section */
		FA20435529B5E01E005B617A /* Resources */ = {
			isa = PBXResourcesBuildPhase;
			buildActionMask = 2147483647;
			files = (
				FA20436729B5E024005B617A /* LaunchScreen.storyboard in Resources */,
				FA20436429B5E024005B617A /* Assets.xcassets in Resources */,
				FA20436229B5E01E005B617A /* Main.storyboard in Resources */,
			);
			runOnlyForDeploymentPostprocessing = 0;
		};
		FA4ABF432A2D7D54005E800D /* Resources */ = {
			isa = PBXResourcesBuildPhase;
			buildActionMask = 2147483647;
			files = (
			);
			runOnlyForDeploymentPostprocessing = 0;
		};
/* End PBXResourcesBuildPhase section */

/* Begin PBXSourcesBuildPhase section */
		FA20435329B5E01E005B617A /* Sources */ = {
			isa = PBXSourcesBuildPhase;
			buildActionMask = 2147483647;
			files = (
				FAB65D4129FBACF4002BA70F /* WebViewViewController.swift in Sources */,
				FA4ABF3A2A1328DB005E800D /* TabBarController.swift in Sources */,
				FA9055112A0C64710068D214 /* ProfileImage.swift in Sources */,
				FA4ABF3E2A24AA6B005E800D /* Photo.swift in Sources */,
				FA20435F29B5E01E005B617A /* ImagesListViewController.swift in Sources */,
				FAB65D462A018E07002BA70F /* OAuth2Service.swift in Sources */,
				FAE6775C29D04AB700BF515C /* ImagesListCell.swift in Sources */,
				FAB82A1929E666C9006CB888 /* ProfileViewController.swift in Sources */,
				FA9054F52A02DA880068D214 /* SplashViewController.swift in Sources */,
				FA4ABF402A26A149005E800D /* PhotoResult.swift in Sources */,
				FACC320229EA58DA00D84BF0 /* SingleImageViewController.swift in Sources */,
				FA20435B29B5E01E005B617A /* AppDelegate.swift in Sources */,
				FA20435D29B5E01E005B617A /* SceneDelegate.swift in Sources */,
				FA9055092A096E700068D214 /* NetworkError.swift in Sources */,
				FAB65D4329FD00DE002BA70F /* WebViewViewControllerDelegate.swift in Sources */,
				FAB82A1B29E841B0006CB888 /* ExtensionColor.swift in Sources */,
				FA9055042A080BCB0068D214 /* ProfileService.swift in Sources */,
				FA90550F2A0C64270068D214 /* ProfileResult.swift in Sources */,
				FAB65D3E29FB08B8002BA70F /* AuthViewController.swift in Sources */,
				FAB65D482A018E79002BA70F /* OAuth2TokenStorage.swift in Sources */,
				FA90550B2A0C593D0068D214 /* ProfileImageService.swift in Sources */,
				FAB65D3C29F9B98D002BA70F /* Constants.swift in Sources */,
				FA9054FA2A057C380068D214 /* AuthViewControllerDelegate.swift in Sources */,
				FA9055072A096CE40068D214 /* URLExtensions.swift in Sources */,
				FA90550D2A0C62FA0068D214 /* Profile.swift in Sources */,
				FA9054F82A05796B0068D214 /* OAuthTokenResponseBody.swift in Sources */,
				FA9055022A07F9040068D214 /* UIBlockingProgressHUD.swift in Sources */,
				FA4ABF3C2A24A9F9005E800D /* ImagesListService.swift in Sources */,
			);
			runOnlyForDeploymentPostprocessing = 0;
		};
		FA4ABF412A2D7D54005E800D /* Sources */ = {
			isa = PBXSourcesBuildPhase;
			buildActionMask = 2147483647;
			files = (
				FA4ABF482A2D7D54005E800D /* ImagesListServiceTests.swift in Sources */,
			);
			runOnlyForDeploymentPostprocessing = 0;
		};
/* End PBXSourcesBuildPhase section */

/* Begin PBXTargetDependency section */
		FA4ABF4A2A2D7D54005E800D /* PBXTargetDependency */ = {
			isa = PBXTargetDependency;
			target = FA20435629B5E01E005B617A /* imageFeed */;
			targetProxy = FA4ABF492A2D7D54005E800D /* PBXContainerItemProxy */;
		};
/* End PBXTargetDependency section */

/* Begin PBXVariantGroup section */
		FA20436029B5E01E005B617A /* Main.storyboard */ = {
			isa = PBXVariantGroup;
			children = (
				FA20436129B5E01E005B617A /* Base */,
			);
			name = Main.storyboard;
			sourceTree = "<group>";
		};
		FA20436529B5E024005B617A /* LaunchScreen.storyboard */ = {
			isa = PBXVariantGroup;
			children = (
				FA20436629B5E024005B617A /* Base */,
			);
			name = LaunchScreen.storyboard;
			sourceTree = "<group>";
		};
/* End PBXVariantGroup section */

/* Begin XCBuildConfiguration section */
		FA20436929B5E024005B617A /* Debug */ = {
			isa = XCBuildConfiguration;
			buildSettings = {
				ALWAYS_SEARCH_USER_PATHS = NO;
				CLANG_ANALYZER_NONNULL = YES;
				CLANG_ANALYZER_NUMBER_OBJECT_CONVERSION = YES_AGGRESSIVE;
				CLANG_CXX_LANGUAGE_STANDARD = "gnu++17";
				CLANG_ENABLE_MODULES = YES;
				CLANG_ENABLE_OBJC_ARC = YES;
				CLANG_ENABLE_OBJC_WEAK = YES;
				CLANG_WARN_BLOCK_CAPTURE_AUTORELEASING = YES;
				CLANG_WARN_BOOL_CONVERSION = YES;
				CLANG_WARN_COMMA = YES;
				CLANG_WARN_CONSTANT_CONVERSION = YES;
				CLANG_WARN_DEPRECATED_OBJC_IMPLEMENTATIONS = YES;
				CLANG_WARN_DIRECT_OBJC_ISA_USAGE = YES_ERROR;
				CLANG_WARN_DOCUMENTATION_COMMENTS = YES;
				CLANG_WARN_EMPTY_BODY = YES;
				CLANG_WARN_ENUM_CONVERSION = YES;
				CLANG_WARN_INFINITE_RECURSION = YES;
				CLANG_WARN_INT_CONVERSION = YES;
				CLANG_WARN_NON_LITERAL_NULL_CONVERSION = YES;
				CLANG_WARN_OBJC_IMPLICIT_RETAIN_SELF = YES;
				CLANG_WARN_OBJC_LITERAL_CONVERSION = YES;
				CLANG_WARN_OBJC_ROOT_CLASS = YES_ERROR;
				CLANG_WARN_QUOTED_INCLUDE_IN_FRAMEWORK_HEADER = YES;
				CLANG_WARN_RANGE_LOOP_ANALYSIS = YES;
				CLANG_WARN_STRICT_PROTOTYPES = YES;
				CLANG_WARN_SUSPICIOUS_MOVE = YES;
				CLANG_WARN_UNGUARDED_AVAILABILITY = YES_AGGRESSIVE;
				CLANG_WARN_UNREACHABLE_CODE = YES;
				CLANG_WARN__DUPLICATE_METHOD_MATCH = YES;
				COPY_PHASE_STRIP = NO;
				DEBUG_INFORMATION_FORMAT = dwarf;
				ENABLE_STRICT_OBJC_MSGSEND = YES;
				ENABLE_TESTABILITY = YES;
				GCC_C_LANGUAGE_STANDARD = gnu11;
				GCC_DYNAMIC_NO_PIC = NO;
				GCC_NO_COMMON_BLOCKS = YES;
				GCC_OPTIMIZATION_LEVEL = 0;
				GCC_PREPROCESSOR_DEFINITIONS = (
					"DEBUG=1",
					"$(inherited)",
				);
				GCC_WARN_64_TO_32_BIT_CONVERSION = YES;
				GCC_WARN_ABOUT_RETURN_TYPE = YES_ERROR;
				GCC_WARN_UNDECLARED_SELECTOR = YES;
				GCC_WARN_UNINITIALIZED_AUTOS = YES_AGGRESSIVE;
				GCC_WARN_UNUSED_FUNCTION = YES;
				GCC_WARN_UNUSED_VARIABLE = YES;
				IPHONEOS_DEPLOYMENT_TARGET = 13.0;
				MTL_ENABLE_DEBUG_INFO = INCLUDE_SOURCE;
				MTL_FAST_MATH = YES;
				ONLY_ACTIVE_ARCH = YES;
				SDKROOT = iphoneos;
				SWIFT_ACTIVE_COMPILATION_CONDITIONS = DEBUG;
				SWIFT_OPTIMIZATION_LEVEL = "-Onone";
			};
			name = Debug;
		};
		FA20436A29B5E024005B617A /* Release */ = {
			isa = XCBuildConfiguration;
			buildSettings = {
				ALWAYS_SEARCH_USER_PATHS = NO;
				CLANG_ANALYZER_NONNULL = YES;
				CLANG_ANALYZER_NUMBER_OBJECT_CONVERSION = YES_AGGRESSIVE;
				CLANG_CXX_LANGUAGE_STANDARD = "gnu++17";
				CLANG_ENABLE_MODULES = YES;
				CLANG_ENABLE_OBJC_ARC = YES;
				CLANG_ENABLE_OBJC_WEAK = YES;
				CLANG_WARN_BLOCK_CAPTURE_AUTORELEASING = YES;
				CLANG_WARN_BOOL_CONVERSION = YES;
				CLANG_WARN_COMMA = YES;
				CLANG_WARN_CONSTANT_CONVERSION = YES;
				CLANG_WARN_DEPRECATED_OBJC_IMPLEMENTATIONS = YES;
				CLANG_WARN_DIRECT_OBJC_ISA_USAGE = YES_ERROR;
				CLANG_WARN_DOCUMENTATION_COMMENTS = YES;
				CLANG_WARN_EMPTY_BODY = YES;
				CLANG_WARN_ENUM_CONVERSION = YES;
				CLANG_WARN_INFINITE_RECURSION = YES;
				CLANG_WARN_INT_CONVERSION = YES;
				CLANG_WARN_NON_LITERAL_NULL_CONVERSION = YES;
				CLANG_WARN_OBJC_IMPLICIT_RETAIN_SELF = YES;
				CLANG_WARN_OBJC_LITERAL_CONVERSION = YES;
				CLANG_WARN_OBJC_ROOT_CLASS = YES_ERROR;
				CLANG_WARN_QUOTED_INCLUDE_IN_FRAMEWORK_HEADER = YES;
				CLANG_WARN_RANGE_LOOP_ANALYSIS = YES;
				CLANG_WARN_STRICT_PROTOTYPES = YES;
				CLANG_WARN_SUSPICIOUS_MOVE = YES;
				CLANG_WARN_UNGUARDED_AVAILABILITY = YES_AGGRESSIVE;
				CLANG_WARN_UNREACHABLE_CODE = YES;
				CLANG_WARN__DUPLICATE_METHOD_MATCH = YES;
				COPY_PHASE_STRIP = NO;
				DEBUG_INFORMATION_FORMAT = "dwarf-with-dsym";
				ENABLE_NS_ASSERTIONS = NO;
				ENABLE_STRICT_OBJC_MSGSEND = YES;
				GCC_C_LANGUAGE_STANDARD = gnu11;
				GCC_NO_COMMON_BLOCKS = YES;
				GCC_WARN_64_TO_32_BIT_CONVERSION = YES;
				GCC_WARN_ABOUT_RETURN_TYPE = YES_ERROR;
				GCC_WARN_UNDECLARED_SELECTOR = YES;
				GCC_WARN_UNINITIALIZED_AUTOS = YES_AGGRESSIVE;
				GCC_WARN_UNUSED_FUNCTION = YES;
				GCC_WARN_UNUSED_VARIABLE = YES;
				IPHONEOS_DEPLOYMENT_TARGET = 13.0;
				MTL_ENABLE_DEBUG_INFO = NO;
				MTL_FAST_MATH = YES;
				SDKROOT = iphoneos;
				SWIFT_COMPILATION_MODE = wholemodule;
				SWIFT_OPTIMIZATION_LEVEL = "-O";
				VALIDATE_PRODUCT = YES;
			};
			name = Release;
		};
		FA20436C29B5E024005B617A /* Debug */ = {
			isa = XCBuildConfiguration;
			buildSettings = {
				ASSETCATALOG_COMPILER_APPICON_NAME = AppIcon;
				ASSETCATALOG_COMPILER_GLOBAL_ACCENT_COLOR_NAME = AccentColor;
				CODE_SIGN_STYLE = Automatic;
				CURRENT_PROJECT_VERSION = 1;
				DEVELOPMENT_TEAM = 7PY6R5573V;
				GENERATE_INFOPLIST_FILE = YES;
				INFOPLIST_FILE = imageFeed/Info.plist;
				INFOPLIST_KEY_UIApplicationSupportsIndirectInputEvents = YES;
				INFOPLIST_KEY_UILaunchStoryboardName = LaunchScreen;
				INFOPLIST_KEY_UIMainStoryboardFile = Main;
				INFOPLIST_KEY_UISupportedInterfaceOrientations = UIInterfaceOrientationPortrait;
				INFOPLIST_KEY_UISupportedInterfaceOrientations_iPad = "UIInterfaceOrientationPortrait UIInterfaceOrientationPortraitUpsideDown UIInterfaceOrientationLandscapeLeft UIInterfaceOrientationLandscapeRight";
				INFOPLIST_KEY_UISupportedInterfaceOrientations_iPhone = UIInterfaceOrientationPortrait;
				LD_RUNPATH_SEARCH_PATHS = (
					"$(inherited)",
					"@executable_path/Frameworks",
				);
				MARKETING_VERSION = 1.0;
				PRODUCT_BUNDLE_IDENTIFIER = ru.yandex.practicum.mwd650.imageFeed;
				PRODUCT_NAME = "$(TARGET_NAME)";
				SWIFT_EMIT_LOC_STRINGS = YES;
				SWIFT_VERSION = 5.0;
				TARGETED_DEVICE_FAMILY = 1;
			};
			name = Debug;
		};
		FA20436D29B5E024005B617A /* Release */ = {
			isa = XCBuildConfiguration;
			buildSettings = {
				ASSETCATALOG_COMPILER_APPICON_NAME = AppIcon;
				ASSETCATALOG_COMPILER_GLOBAL_ACCENT_COLOR_NAME = AccentColor;
				CODE_SIGN_STYLE = Automatic;
				CURRENT_PROJECT_VERSION = 1;
				DEVELOPMENT_TEAM = 7PY6R5573V;
				GENERATE_INFOPLIST_FILE = YES;
				INFOPLIST_FILE = imageFeed/Info.plist;
				INFOPLIST_KEY_UIApplicationSupportsIndirectInputEvents = YES;
				INFOPLIST_KEY_UILaunchStoryboardName = LaunchScreen;
				INFOPLIST_KEY_UIMainStoryboardFile = Main;
				INFOPLIST_KEY_UISupportedInterfaceOrientations = UIInterfaceOrientationPortrait;
				INFOPLIST_KEY_UISupportedInterfaceOrientations_iPad = "UIInterfaceOrientationPortrait UIInterfaceOrientationPortraitUpsideDown UIInterfaceOrientationLandscapeLeft UIInterfaceOrientationLandscapeRight";
				INFOPLIST_KEY_UISupportedInterfaceOrientations_iPhone = UIInterfaceOrientationPortrait;
				LD_RUNPATH_SEARCH_PATHS = (
					"$(inherited)",
					"@executable_path/Frameworks",
				);
				MARKETING_VERSION = 1.0;
				PRODUCT_BUNDLE_IDENTIFIER = ru.yandex.practicum.mwd650.imageFeed;
				PRODUCT_NAME = "$(TARGET_NAME)";
				SWIFT_EMIT_LOC_STRINGS = YES;
				SWIFT_VERSION = 5.0;
				TARGETED_DEVICE_FAMILY = 1;
			};
			name = Release;
		};
		FA4ABF4C2A2D7D54005E800D /* Debug */ = {
			isa = XCBuildConfiguration;
			buildSettings = {
				BUNDLE_LOADER = "$(TEST_HOST)";
				CODE_SIGN_STYLE = Automatic;
				CURRENT_PROJECT_VERSION = 1;
				DEVELOPMENT_TEAM = 7PY6R5573V;
				GENERATE_INFOPLIST_FILE = YES;
				IPHONEOS_DEPLOYMENT_TARGET = 15.4;
				MARKETING_VERSION = 1.0;
				PRODUCT_BUNDLE_IDENTIFIER = ru.yandex.practicum.mwd650.imageFeedTests;
				PRODUCT_NAME = "$(TARGET_NAME)";
				SWIFT_EMIT_LOC_STRINGS = NO;
				SWIFT_VERSION = 5.0;
				TARGETED_DEVICE_FAMILY = "1,2";
				TEST_HOST = "$(BUILT_PRODUCTS_DIR)/imageFeed.app/imageFeed";
			};
			name = Debug;
		};
		FA4ABF4D2A2D7D54005E800D /* Release */ = {
			isa = XCBuildConfiguration;
			buildSettings = {
				BUNDLE_LOADER = "$(TEST_HOST)";
				CODE_SIGN_STYLE = Automatic;
				CURRENT_PROJECT_VERSION = 1;
				DEVELOPMENT_TEAM = 7PY6R5573V;
				GENERATE_INFOPLIST_FILE = YES;
				IPHONEOS_DEPLOYMENT_TARGET = 15.4;
				MARKETING_VERSION = 1.0;
				PRODUCT_BUNDLE_IDENTIFIER = ru.yandex.practicum.mwd650.imageFeedTests;
				PRODUCT_NAME = "$(TARGET_NAME)";
				SWIFT_EMIT_LOC_STRINGS = NO;
				SWIFT_VERSION = 5.0;
				TARGETED_DEVICE_FAMILY = "1,2";
				TEST_HOST = "$(BUILT_PRODUCTS_DIR)/imageFeed.app/imageFeed";
			};
			name = Release;
		};
/* End XCBuildConfiguration section */

/* Begin XCConfigurationList section */
		FA20435229B5E01E005B617A /* Build configuration list for PBXProject "imageFeed" */ = {
			isa = XCConfigurationList;
			buildConfigurations = (
				FA20436929B5E024005B617A /* Debug */,
				FA20436A29B5E024005B617A /* Release */,
			);
			defaultConfigurationIsVisible = 0;
			defaultConfigurationName = Release;
		};
		FA20436B29B5E024005B617A /* Build configuration list for PBXNativeTarget "imageFeed" */ = {
			isa = XCConfigurationList;
			buildConfigurations = (
				FA20436C29B5E024005B617A /* Debug */,
				FA20436D29B5E024005B617A /* Release */,
			);
			defaultConfigurationIsVisible = 0;
			defaultConfigurationName = Release;
		};
		FA4ABF4B2A2D7D54005E800D /* Build configuration list for PBXNativeTarget "imageFeedTests" */ = {
			isa = XCConfigurationList;
			buildConfigurations = (
				FA4ABF4C2A2D7D54005E800D /* Debug */,
				FA4ABF4D2A2D7D54005E800D /* Release */,
			);
			defaultConfigurationIsVisible = 0;
			defaultConfigurationName = Release;
		};
/* End XCConfigurationList section */

/* Begin XCRemoteSwiftPackageReference section */
		FA4ABF322A11377E005E800D /* XCRemoteSwiftPackageReference "Kingfisher" */ = {
			isa = XCRemoteSwiftPackageReference;
			repositoryURL = "https://github.com/onevcat/Kingfisher.git";
			requirement = {
				kind = upToNextMajorVersion;
				minimumVersion = 7.0.0;
			};
		};
		FA4ABF352A114283005E800D /* XCRemoteSwiftPackageReference "SwiftKeychainWrapper" */ = {
			isa = XCRemoteSwiftPackageReference;
			repositoryURL = "https://github.com/jrendel/SwiftKeychainWrapper";
			requirement = {
				kind = upToNextMajorVersion;
				minimumVersion = 4.0.0;
			};
		};
		FA9054FE2A07F3D10068D214 /* XCRemoteSwiftPackageReference "ProgressHUD" */ = {
			isa = XCRemoteSwiftPackageReference;
			repositoryURL = "https://github.com/relatedcode/ProgressHUD";
			requirement = {
				branch = master;
				kind = branch;
			};
		};
/* End XCRemoteSwiftPackageReference section */

/* Begin XCSwiftPackageProductDependency section */
		FA4ABF332A11377E005E800D /* Kingfisher */ = {
			isa = XCSwiftPackageProductDependency;
			package = FA4ABF322A11377E005E800D /* XCRemoteSwiftPackageReference "Kingfisher" */;
			productName = Kingfisher;
		};
		FA4ABF362A114283005E800D /* SwiftKeychainWrapper */ = {
			isa = XCSwiftPackageProductDependency;
			package = FA4ABF352A114283005E800D /* XCRemoteSwiftPackageReference "SwiftKeychainWrapper" */;
			productName = SwiftKeychainWrapper;
		};
		FA9054FF2A07F3D10068D214 /* ProgressHUD */ = {
			isa = XCSwiftPackageProductDependency;
			package = FA9054FE2A07F3D10068D214 /* XCRemoteSwiftPackageReference "ProgressHUD" */;
			productName = ProgressHUD;
		};
/* End XCSwiftPackageProductDependency section */
	};
	rootObject = FA20434F29B5E01E005B617A /* Project object */;
}
